
Microsoft Visual Studio Solution File, Format Version 12.00
# Visual Studio 15
VisualStudioVersion = 15.0.27130.2010
MinimumVisualStudioVersion = 10.0.40219.1
Project("{888888A0-9F3D-457C-B088-3A5042F75D52}") = "pruebaPython", "pruebaPython\pruebaPython.pyproj", "{989C988F-883D-4955-B56F-5594A025DF56}"
EndProject
Global
	GlobalSection(SolutionConfigurationPlatforms) = preSolution
		Debug|Any CPU = Debug|Any CPU
		Release|Any CPU = Release|Any CPU
	EndGlobalSection
	GlobalSection(ProjectConfigurationPlatforms) = postSolution
		{989C988F-883D-4955-B56F-5594A025DF56}.Debug|Any CPU.ActiveCfg = Debug|Any CPU
		{989C988F-883D-4955-B56F-5594A025DF56}.Release|Any CPU.ActiveCfg = Release|Any CPU
	EndGlobalSection
	GlobalSection(SolutionProperties) = preSolution
		HideSolutionNode = FALSE
	EndGlobalSection
	GlobalSection(ExtensibilityGlobals) = postSolution
		SolutionGuid = {C31CB007-A3CE-4376-8784-8734083F1594}
	EndGlobalSection
EndGlobal
